// !$*UTF8*$!
{
	archiveVersion = 1;
	classes = {
	};
	objectVersion = 46;
	objects = {

/* Begin PBXBuildFile section */
		0911EB6AD9420CDC73B1E604 /* Pods_jenkinsCocoa.framework in Frameworks */ = {isa = PBXBuildFile; fileRef = 64A60D2ED53458C5FA3AD3ED /* Pods_jenkinsCocoa.framework */; };
		40CE3A541EC92D9600D63846 /* main.m in Sources */ = {isa = PBXBuildFile; fileRef = 40CE3A531EC92D9600D63846 /* main.m */; };
		40CE3A571EC92D9600D63846 /* AppDelegate.m in Sources */ = {isa = PBXBuildFile; fileRef = 40CE3A561EC92D9600D63846 /* AppDelegate.m */; };
		40CE3A5A1EC92D9600D63846 /* ViewController.m in Sources */ = {isa = PBXBuildFile; fileRef = 40CE3A591EC92D9600D63846 /* ViewController.m */; };
		40CE3A5D1EC92D9600D63846 /* Main.storyboard in Resources */ = {isa = PBXBuildFile; fileRef = 40CE3A5B1EC92D9600D63846 /* Main.storyboard */; };
		40CE3A5F1EC92D9600D63846 /* Assets.xcassets in Resources */ = {isa = PBXBuildFile; fileRef = 40CE3A5E1EC92D9600D63846 /* Assets.xcassets */; };
		40CE3A621EC92D9600D63846 /* LaunchScreen.storyboard in Resources */ = {isa = PBXBuildFile; fileRef = 40CE3A601EC92D9600D63846 /* LaunchScreen.storyboard */; };
		40CE3A6D1EC92D9700D63846 /* jenkinsCocoaTests.m in Sources */ = {isa = PBXBuildFile; fileRef = 40CE3A6C1EC92D9700D63846 /* jenkinsCocoaTests.m */; };
		40CE3A781EC92D9700D63846 /* jenkinsCocoaUITests.m in Sources */ = {isa = PBXBuildFile; fileRef = 40CE3A771EC92D9700D63846 /* jenkinsCocoaUITests.m */; };
/* End PBXBuildFile section */

/* Begin PBXContainerItemProxy section */
		40CE3A691EC92D9700D63846 /* PBXContainerItemProxy */ = {
			isa = PBXContainerItemProxy;
			containerPortal = 40CE3A471EC92D9600D63846 /* Project object */;
			proxyType = 1;
			remoteGlobalIDString = 40CE3A4E1EC92D9600D63846;
			remoteInfo = jenkinsCocoa;
		};
		40CE3A741EC92D9700D63846 /* PBXContainerItemProxy */ = {
			isa = PBXContainerItemProxy;
			containerPortal = 40CE3A471EC92D9600D63846 /* Project object */;
			proxyType = 1;
			remoteGlobalIDString = 40CE3A4E1EC92D9600D63846;
			remoteInfo = jenkinsCocoa;
		};
/* End PBXContainerItemProxy section */

/* Begin PBXFileReference section */
		4045D6FC1EC933FA0038FF01 /* PrefixHeader.pch */ = {isa = PBXFileReference; lastKnownFileType = sourcecode.c.h; path = PrefixHeader.pch; sourceTree = "<group>"; };
		40CE3A4F1EC92D9600D63846 /* jenkinsCocoa.app */ = {isa = PBXFileReference; explicitFileType = wrapper.application; includeInIndex = 0; path = jenkinsCocoa.app; sourceTree = BUILT_PRODUCTS_DIR; };
		40CE3A531EC92D9600D63846 /* main.m */ = {isa = PBXFileReference; lastKnownFileType = sourcecode.c.objc; path = main.m; sourceTree = "<group>"; };
		40CE3A551EC92D9600D63846 /* AppDelegate.h */ = {isa = PBXFileReference; lastKnownFileType = sourcecode.c.h; path = AppDelegate.h; sourceTree = "<group>"; };
		40CE3A561EC92D9600D63846 /* AppDelegate.m */ = {isa = PBXFileReference; lastKnownFileType = sourcecode.c.objc; path = AppDelegate.m; sourceTree = "<group>"; };
		40CE3A581EC92D9600D63846 /* ViewController.h */ = {isa = PBXFileReference; lastKnownFileType = sourcecode.c.h; path = ViewController.h; sourceTree = "<group>"; };
		40CE3A591EC92D9600D63846 /* ViewController.m */ = {isa = PBXFileReference; lastKnownFileType = sourcecode.c.objc; path = ViewController.m; sourceTree = "<group>"; };
		40CE3A5C1EC92D9600D63846 /* Base */ = {isa = PBXFileReference; lastKnownFileType = file.storyboard; name = Base; path = Base.lproj/Main.storyboard; sourceTree = "<group>"; };
		40CE3A5E1EC92D9600D63846 /* Assets.xcassets */ = {isa = PBXFileReference; lastKnownFileType = folder.assetcatalog; path = Assets.xcassets; sourceTree = "<group>"; };
		40CE3A611EC92D9600D63846 /* Base */ = {isa = PBXFileReference; lastKnownFileType = file.storyboard; name = Base; path = Base.lproj/LaunchScreen.storyboard; sourceTree = "<group>"; };
		40CE3A631EC92D9600D63846 /* Info.plist */ = {isa = PBXFileReference; lastKnownFileType = text.plist.xml; path = Info.plist; sourceTree = "<group>"; };
		40CE3A681EC92D9700D63846 /* jenkinsCocoaTests.xctest */ = {isa = PBXFileReference; explicitFileType = wrapper.cfbundle; includeInIndex = 0; path = jenkinsCocoaTests.xctest; sourceTree = BUILT_PRODUCTS_DIR; };
		40CE3A6C1EC92D9700D63846 /* jenkinsCocoaTests.m */ = {isa = PBXFileReference; lastKnownFileType = sourcecode.c.objc; path = jenkinsCocoaTests.m; sourceTree = "<group>"; };
		40CE3A6E1EC92D9700D63846 /* Info.plist */ = {isa = PBXFileReference; lastKnownFileType = text.plist.xml; path = Info.plist; sourceTree = "<group>"; };
		40CE3A731EC92D9700D63846 /* jenkinsCocoaUITests.xctest */ = {isa = PBXFileReference; explicitFileType = wrapper.cfbundle; includeInIndex = 0; path = jenkinsCocoaUITests.xctest; sourceTree = BUILT_PRODUCTS_DIR; };
		40CE3A771EC92D9700D63846 /* jenkinsCocoaUITests.m */ = {isa = PBXFileReference; lastKnownFileType = sourcecode.c.objc; path = jenkinsCocoaUITests.m; sourceTree = "<group>"; };
		40CE3A791EC92D9700D63846 /* Info.plist */ = {isa = PBXFileReference; lastKnownFileType = text.plist.xml; path = Info.plist; sourceTree = "<group>"; };
		64A60D2ED53458C5FA3AD3ED /* Pods_jenkinsCocoa.framework */ = {isa = PBXFileReference; explicitFileType = wrapper.framework; includeInIndex = 0; path = Pods_jenkinsCocoa.framework; sourceTree = BUILT_PRODUCTS_DIR; };
		A5FD0A21C45A855357035143 /* Pods-jenkinsCocoa.release.xcconfig */ = {isa = PBXFileReference; includeInIndex = 1; lastKnownFileType = text.xcconfig; name = "Pods-jenkinsCocoa.release.xcconfig"; path = "Pods/Target Support Files/Pods-jenkinsCocoa/Pods-jenkinsCocoa.release.xcconfig"; sourceTree = "<group>"; };
		FE4CDF170257F62E4D506676 /* Pods-jenkinsCocoa.debug.xcconfig */ = {isa = PBXFileReference; includeInIndex = 1; lastKnownFileType = text.xcconfig; name = "Pods-jenkinsCocoa.debug.xcconfig"; path = "Pods/Target Support Files/Pods-jenkinsCocoa/Pods-jenkinsCocoa.debug.xcconfig"; sourceTree = "<group>"; };
/* End PBXFileReference section */

/* Begin PBXFrameworksBuildPhase section */
		40CE3A4C1EC92D9600D63846 /* Frameworks */ = {
			isa = PBXFrameworksBuildPhase;
			buildActionMask = 2147483647;
			files = (
				0911EB6AD9420CDC73B1E604 /* Pods_jenkinsCocoa.framework in Frameworks */,
			);
			runOnlyForDeploymentPostprocessing = 0;
		};
		40CE3A651EC92D9700D63846 /* Frameworks */ = {
			isa = PBXFrameworksBuildPhase;
			buildActionMask = 2147483647;
			files = (
			);
			runOnlyForDeploymentPostprocessing = 0;
		};
		40CE3A701EC92D9700D63846 /* Frameworks */ = {
			isa = PBXFrameworksBuildPhase;
			buildActionMask = 2147483647;
			files = (
			);
			runOnlyForDeploymentPostprocessing = 0;
		};
/* End PBXFrameworksBuildPhase section */

/* Begin PBXGroup section */
		409632BEA701636530BDB702 /* Pods */ = {
			isa = PBXGroup;
			children = (
				FE4CDF170257F62E4D506676 /* Pods-jenkinsCocoa.debug.xcconfig */,
				A5FD0A21C45A855357035143 /* Pods-jenkinsCocoa.release.xcconfig */,
			);
			name = Pods;
			sourceTree = "<group>";
		};
		40CE3A461EC92D9600D63846 = {
			isa = PBXGroup;
			children = (
				40CE3A511EC92D9600D63846 /* jenkinsCocoa */,
				40CE3A6B1EC92D9700D63846 /* jenkinsCocoaTests */,
				40CE3A761EC92D9700D63846 /* jenkinsCocoaUITests */,
				40CE3A501EC92D9600D63846 /* Products */,
				409632BEA701636530BDB702 /* Pods */,
				620C66E1D49A0358563BA27D /* Frameworks */,
			);
			sourceTree = "<group>";
		};
		40CE3A501EC92D9600D63846 /* Products */ = {
			isa = PBXGroup;
			children = (
				40CE3A4F1EC92D9600D63846 /* jenkinsCocoa.app */,
				40CE3A681EC92D9700D63846 /* jenkinsCocoaTests.xctest */,
				40CE3A731EC92D9700D63846 /* jenkinsCocoaUITests.xctest */,
			);
			name = Products;
			sourceTree = "<group>";
		};
		40CE3A511EC92D9600D63846 /* jenkinsCocoa */ = {
			isa = PBXGroup;
			children = (
				40CE3A551EC92D9600D63846 /* AppDelegate.h */,
				40CE3A561EC92D9600D63846 /* AppDelegate.m */,
				40CE3A581EC92D9600D63846 /* ViewController.h */,
				40CE3A591EC92D9600D63846 /* ViewController.m */,
				40CE3A5B1EC92D9600D63846 /* Main.storyboard */,
				40CE3A5E1EC92D9600D63846 /* Assets.xcassets */,
				40CE3A601EC92D9600D63846 /* LaunchScreen.storyboard */,
				40CE3A631EC92D9600D63846 /* Info.plist */,
				40CE3A521EC92D9600D63846 /* Supporting Files */,
			);
			path = jenkinsCocoa;
			sourceTree = "<group>";
		};
		40CE3A521EC92D9600D63846 /* Supporting Files */ = {
			isa = PBXGroup;
			children = (
				4045D6FC1EC933FA0038FF01 /* PrefixHeader.pch */,
				40CE3A531EC92D9600D63846 /* main.m */,
			);
			name = "Supporting Files";
			sourceTree = "<group>";
		};
		40CE3A6B1EC92D9700D63846 /* jenkinsCocoaTests */ = {
			isa = PBXGroup;
			children = (
				40CE3A6C1EC92D9700D63846 /* jenkinsCocoaTests.m */,
				40CE3A6E1EC92D9700D63846 /* Info.plist */,
			);
			path = jenkinsCocoaTests;
			sourceTree = "<group>";
		};
		40CE3A761EC92D9700D63846 /* jenkinsCocoaUITests */ = {
			isa = PBXGroup;
			children = (
				40CE3A771EC92D9700D63846 /* jenkinsCocoaUITests.m */,
				40CE3A791EC92D9700D63846 /* Info.plist */,
			);
			path = jenkinsCocoaUITests;
			sourceTree = "<group>";
		};
		620C66E1D49A0358563BA27D /* Frameworks */ = {
			isa = PBXGroup;
			children = (
				64A60D2ED53458C5FA3AD3ED /* Pods_jenkinsCocoa.framework */,
			);
			name = Frameworks;
			sourceTree = "<group>";
		};
/* End PBXGroup section */

/* Begin PBXNativeTarget section */
		40CE3A4E1EC92D9600D63846 /* jenkinsCocoa */ = {
			isa = PBXNativeTarget;
			buildConfigurationList = 40CE3A7C1EC92D9700D63846 /* Build configuration list for PBXNativeTarget "jenkinsCocoa" */;
			buildPhases = (
				6AA9D4DBFBE92F688C2A4BCF /* [CP] Check Pods Manifest.lock */,
				40CE3A4B1EC92D9600D63846 /* Sources */,
				40CE3A4C1EC92D9600D63846 /* Frameworks */,
				40CE3A4D1EC92D9600D63846 /* Resources */,
				C8E9CD19587CB0BC1577DB3D /* [CP] Embed Pods Frameworks */,
				EBF59773ADB8D68D02054A30 /* [CP] Copy Pods Resources */,
			);
			buildRules = (
			);
			dependencies = (
			);
			name = jenkinsCocoa;
			productName = jenkinsCocoa;
			productReference = 40CE3A4F1EC92D9600D63846 /* jenkinsCocoa.app */;
			productType = "com.apple.product-type.application";
		};
		40CE3A671EC92D9700D63846 /* jenkinsCocoaTests */ = {
			isa = PBXNativeTarget;
			buildConfigurationList = 40CE3A7F1EC92D9700D63846 /* Build configuration list for PBXNativeTarget "jenkinsCocoaTests" */;
			buildPhases = (
				40CE3A641EC92D9700D63846 /* Sources */,
				40CE3A651EC92D9700D63846 /* Frameworks */,
				40CE3A661EC92D9700D63846 /* Resources */,
			);
			buildRules = (
			);
			dependencies = (
				40CE3A6A1EC92D9700D63846 /* PBXTargetDependency */,
			);
			name = jenkinsCocoaTests;
			productName = jenkinsCocoaTests;
			productReference = 40CE3A681EC92D9700D63846 /* jenkinsCocoaTests.xctest */;
			productType = "com.apple.product-type.bundle.unit-test";
		};
		40CE3A721EC92D9700D63846 /* jenkinsCocoaUITests */ = {
			isa = PBXNativeTarget;
			buildConfigurationList = 40CE3A821EC92D9700D63846 /* Build configuration list for PBXNativeTarget "jenkinsCocoaUITests" */;
			buildPhases = (
				40CE3A6F1EC92D9700D63846 /* Sources */,
				40CE3A701EC92D9700D63846 /* Frameworks */,
				40CE3A711EC92D9700D63846 /* Resources */,
			);
			buildRules = (
			);
			dependencies = (
				40CE3A751EC92D9700D63846 /* PBXTargetDependency */,
			);
			name = jenkinsCocoaUITests;
			productName = jenkinsCocoaUITests;
			productReference = 40CE3A731EC92D9700D63846 /* jenkinsCocoaUITests.xctest */;
			productType = "com.apple.product-type.bundle.ui-testing";
		};
/* End PBXNativeTarget section */

/* Begin PBXProject section */
		40CE3A471EC92D9600D63846 /* Project object */ = {
			isa = PBXProject;
			attributes = {
				LastUpgradeCheck = 0830;
				ORGANIZATIONNAME = jisa;
				TargetAttributes = {
					40CE3A4E1EC92D9600D63846 = {
						CreatedOnToolsVersion = 8.3.2;
						DevelopmentTeam = GGHP6SBZUF;
						ProvisioningStyle = Manual;
					};
					40CE3A671EC92D9700D63846 = {
						CreatedOnToolsVersion = 8.3.2;
						DevelopmentTeam = Q2TBL8EXRY;
						ProvisioningStyle = Automatic;
						TestTargetID = 40CE3A4E1EC92D9600D63846;
					};
					40CE3A721EC92D9700D63846 = {
						CreatedOnToolsVersion = 8.3.2;
						DevelopmentTeam = Q2TBL8EXRY;
						ProvisioningStyle = Automatic;
						TestTargetID = 40CE3A4E1EC92D9600D63846;
					};
				};
			};
			buildConfigurationList = 40CE3A4A1EC92D9600D63846 /* Build configuration list for PBXProject "jenkinsCocoa" */;
			compatibilityVersion = "Xcode 3.2";
			developmentRegion = English;
			hasScannedForEncodings = 0;
			knownRegions = (
				en,
				Base,
			);
			mainGroup = 40CE3A461EC92D9600D63846;
			productRefGroup = 40CE3A501EC92D9600D63846 /* Products */;
			projectDirPath = "";
			projectRoot = "";
			targets = (
				40CE3A4E1EC92D9600D63846 /* jenkinsCocoa */,
				40CE3A671EC92D9700D63846 /* jenkinsCocoaTests */,
				40CE3A721EC92D9700D63846 /* jenkinsCocoaUITests */,
			);
		};
/* End PBXProject section */

/* Begin PBXResourcesBuildPhase section */
		40CE3A4D1EC92D9600D63846 /* Resources */ = {
			isa = PBXResourcesBuildPhase;
			buildActionMask = 2147483647;
			files = (
				40CE3A621EC92D9600D63846 /* LaunchScreen.storyboard in Resources */,
				40CE3A5F1EC92D9600D63846 /* Assets.xcassets in Resources */,
				40CE3A5D1EC92D9600D63846 /* Main.storyboard in Resources */,
			);
			runOnlyForDeploymentPostprocessing = 0;
		};
		40CE3A661EC92D9700D63846 /* Resources */ = {
			isa = PBXResourcesBuildPhase;
			buildActionMask = 2147483647;
			files = (
			);
			runOnlyForDeploymentPostprocessing = 0;
		};
		40CE3A711EC92D9700D63846 /* Resources */ = {
			isa = PBXResourcesBuildPhase;
			buildActionMask = 2147483647;
			files = (
			);
			runOnlyForDeploymentPostprocessing = 0;
		};
/* End PBXResourcesBuildPhase section */

/* Begin PBXShellScriptBuildPhase section */
		6AA9D4DBFBE92F688C2A4BCF /* [CP] Check Pods Manifest.lock */ = {
			isa = PBXShellScriptBuildPhase;
			buildActionMask = 2147483647;
			files = (
			);
			inputPaths = (
			);
			name = "[CP] Check Pods Manifest.lock";
			outputPaths = (
			);
			runOnlyForDeploymentPostprocessing = 0;
			shellPath = /bin/sh;
			shellScript = "diff \"${PODS_ROOT}/../Podfile.lock\" \"${PODS_ROOT}/Manifest.lock\" > /dev/null\nif [ $? != 0 ] ; then\n    # print error to STDERR\n    echo \"error: The sandbox is not in sync with the Podfile.lock. Run 'pod install' or update your CocoaPods installation.\" >&2\n    exit 1\nfi\n";
			showEnvVarsInLog = 0;
		};
		C8E9CD19587CB0BC1577DB3D /* [CP] Embed Pods Frameworks */ = {
			isa = PBXShellScriptBuildPhase;
			buildActionMask = 2147483647;
			files = (
			);
			inputPaths = (
			);
			name = "[CP] Embed Pods Frameworks";
			outputPaths = (
			);
			runOnlyForDeploymentPostprocessing = 0;
			shellPath = /bin/sh;
			shellScript = "\"${SRCROOT}/Pods/Target Support Files/Pods-jenkinsCocoa/Pods-jenkinsCocoa-frameworks.sh\"\n";
			showEnvVarsInLog = 0;
		};
		EBF59773ADB8D68D02054A30 /* [CP] Copy Pods Resources */ = {
			isa = PBXShellScriptBuildPhase;
			buildActionMask = 2147483647;
			files = (
			);
			inputPaths = (
			);
			name = "[CP] Copy Pods Resources";
			outputPaths = (
			);
			runOnlyForDeploymentPostprocessing = 0;
			shellPath = /bin/sh;
			shellScript = "\"${SRCROOT}/Pods/Target Support Files/Pods-jenkinsCocoa/Pods-jenkinsCocoa-resources.sh\"\n";
			showEnvVarsInLog = 0;
		};
/* End PBXShellScriptBuildPhase section */

/* Begin PBXSourcesBuildPhase section */
		40CE3A4B1EC92D9600D63846 /* Sources */ = {
			isa = PBXSourcesBuildPhase;
			buildActionMask = 2147483647;
			files = (
				40CE3A5A1EC92D9600D63846 /* ViewController.m in Sources */,
				40CE3A571EC92D9600D63846 /* AppDelegate.m in Sources */,
				40CE3A541EC92D9600D63846 /* main.m in Sources */,
			);
			runOnlyForDeploymentPostprocessing = 0;
		};
		40CE3A641EC92D9700D63846 /* Sources */ = {
			isa = PBXSourcesBuildPhase;
			buildActionMask = 2147483647;
			files = (
				40CE3A6D1EC92D9700D63846 /* jenkinsCocoaTests.m in Sources */,
			);
			runOnlyForDeploymentPostprocessing = 0;
		};
		40CE3A6F1EC92D9700D63846 /* Sources */ = {
			isa = PBXSourcesBuildPhase;
			buildActionMask = 2147483647;
			files = (
				40CE3A781EC92D9700D63846 /* jenkinsCocoaUITests.m in Sources */,
			);
			runOnlyForDeploymentPostprocessing = 0;
		};
/* End PBXSourcesBuildPhase section */

/* Begin PBXTargetDependency section */
		40CE3A6A1EC92D9700D63846 /* PBXTargetDependency */ = {
			isa = PBXTargetDependency;
			target = 40CE3A4E1EC92D9600D63846 /* jenkinsCocoa */;
			targetProxy = 40CE3A691EC92D9700D63846 /* PBXContainerItemProxy */;
		};
		40CE3A751EC92D9700D63846 /* PBXTargetDependency */ = {
			isa = PBXTargetDependency;
			target = 40CE3A4E1EC92D9600D63846 /* jenkinsCocoa */;
			targetProxy = 40CE3A741EC92D9700D63846 /* PBXContainerItemProxy */;
		};
/* End PBXTargetDependency section */

/* Begin PBXVariantGroup section */
		40CE3A5B1EC92D9600D63846 /* Main.storyboard */ = {
			isa = PBXVariantGroup;
			children = (
				40CE3A5C1EC92D9600D63846 /* Base */,
			);
			name = Main.storyboard;
			sourceTree = "<group>";
		};
		40CE3A601EC92D9600D63846 /* LaunchScreen.storyboard */ = {
			isa = PBXVariantGroup;
			children = (
				40CE3A611EC92D9600D63846 /* Base */,
			);
			name = LaunchScreen.storyboard;
			sourceTree = "<group>";
		};
/* End PBXVariantGroup section */

/* Begin XCBuildConfiguration section */
		40CE3A7A1EC92D9700D63846 /* Debug */ = {
			isa = XCBuildConfiguration;
			buildSettings = {
				ALWAYS_SEARCH_USER_PATHS = NO;
				CLANG_ANALYZER_NONNULL = YES;
				CLANG_ANALYZER_NUMBER_OBJECT_CONVERSION = YES_AGGRESSIVE;
				CLANG_CXX_LANGUAGE_STANDARD = "gnu++0x";
				CLANG_CXX_LIBRARY = "libc++";
				CLANG_ENABLE_MODULES = YES;
				CLANG_ENABLE_OBJC_ARC = YES;
				CLANG_WARN_BOOL_CONVERSION = YES;
				CLANG_WARN_CONSTANT_CONVERSION = YES;
				CLANG_WARN_DIRECT_OBJC_ISA_USAGE = YES_ERROR;
				CLANG_WARN_DOCUMENTATION_COMMENTS = YES;
				CLANG_WARN_EMPTY_BODY = YES;
				CLANG_WARN_ENUM_CONVERSION = YES;
				CLANG_WARN_INFINITE_RECURSION = YES;
				CLANG_WARN_INT_CONVERSION = YES;
				CLANG_WARN_OBJC_ROOT_CLASS = YES_ERROR;
				CLANG_WARN_SUSPICIOUS_MOVE = YES;
				CLANG_WARN_UNREACHABLE_CODE = YES;
				CLANG_WARN__DUPLICATE_METHOD_MATCH = YES;
				"CODE_SIGN_IDENTITY[sdk=iphoneos*]" = "iPhone Developer";
				COPY_PHASE_STRIP = NO;
				DEBUG_INFORMATION_FORMAT = dwarf;
				ENABLE_STRICT_OBJC_MSGSEND = YES;
				ENABLE_TESTABILITY = YES;
				GCC_C_LANGUAGE_STANDARD = gnu99;
				GCC_DYNAMIC_NO_PIC = NO;
				GCC_NO_COMMON_BLOCKS = YES;
				GCC_OPTIMIZATION_LEVEL = 0;
				GCC_PREPROCESSOR_DEFINITIONS = (
					"DEBUG=1",
					"$(inherited)",
				);
				GCC_WARN_64_TO_32_BIT_CONVERSION = YES;
				GCC_WARN_ABOUT_RETURN_TYPE = YES_ERROR;
				GCC_WARN_UNDECLARED_SELECTOR = YES;
				GCC_WARN_UNINITIALIZED_AUTOS = YES_AGGRESSIVE;
				GCC_WARN_UNUSED_FUNCTION = YES;
				GCC_WARN_UNUSED_VARIABLE = YES;
				IPHONEOS_DEPLOYMENT_TARGET = 10.3;
				MTL_ENABLE_DEBUG_INFO = YES;
				ONLY_ACTIVE_ARCH = YES;
				SDKROOT = iphoneos;
				TARGETED_DEVICE_FAMILY = "1,2";
			};
			name = Debug;
		};
		40CE3A7B1EC92D9700D63846 /* Release */ = {
			isa = XCBuildConfiguration;
			buildSettings = {
				ALWAYS_SEARCH_USER_PATHS = NO;
				CLANG_ANALYZER_NONNULL = YES;
				CLANG_ANALYZER_NUMBER_OBJECT_CONVERSION = YES_AGGRESSIVE;
				CLANG_CXX_LANGUAGE_STANDARD = "gnu++0x";
				CLANG_CXX_LIBRARY = "libc++";
				CLANG_ENABLE_MODULES = YES;
				CLANG_ENABLE_OBJC_ARC = YES;
				CLANG_WARN_BOOL_CONVERSION = YES;
				CLANG_WARN_CONSTANT_CONVERSION = YES;
				CLANG_WARN_DIRECT_OBJC_ISA_USAGE = YES_ERROR;
				CLANG_WARN_DOCUMENTATION_COMMENTS = YES;
				CLANG_WARN_EMPTY_BODY = YES;
				CLANG_WARN_ENUM_CONVERSION = YES;
				CLANG_WARN_INFINITE_RECURSION = YES;
				CLANG_WARN_INT_CONVERSION = YES;
				CLANG_WARN_OBJC_ROOT_CLASS = YES_ERROR;
				CLANG_WARN_SUSPICIOUS_MOVE = YES;
				CLANG_WARN_UNREACHABLE_CODE = YES;
				CLANG_WARN__DUPLICATE_METHOD_MATCH = YES;
				"CODE_SIGN_IDENTITY[sdk=iphoneos*]" = "iPhone Developer";
				COPY_PHASE_STRIP = NO;
				DEBUG_INFORMATION_FORMAT = "dwarf-with-dsym";
				ENABLE_NS_ASSERTIONS = NO;
				ENABLE_STRICT_OBJC_MSGSEND = YES;
				GCC_C_LANGUAGE_STANDARD = gnu99;
				GCC_NO_COMMON_BLOCKS = YES;
				GCC_WARN_64_TO_32_BIT_CONVERSION = YES;
				GCC_WARN_ABOUT_RETURN_TYPE = YES_ERROR;
				GCC_WARN_UNDECLARED_SELECTOR = YES;
				GCC_WARN_UNINITIALIZED_AUTOS = YES_AGGRESSIVE;
				GCC_WARN_UNUSED_FUNCTION = YES;
				GCC_WARN_UNUSED_VARIABLE = YES;
				IPHONEOS_DEPLOYMENT_TARGET = 10.3;
				MTL_ENABLE_DEBUG_INFO = NO;
				SDKROOT = iphoneos;
				TARGETED_DEVICE_FAMILY = "1,2";
				VALIDATE_PRODUCT = YES;
			};
			name = Release;
		};
		40CE3A7D1EC92D9700D63846 /* Debug */ = {
			isa = XCBuildConfiguration;
			baseConfigurationReference = FE4CDF170257F62E4D506676 /* Pods-jenkinsCocoa.debug.xcconfig */;
			buildSettings = {
				ASSETCATALOG_COMPILER_APPICON_NAME = AppIcon;
				DEVELOPMENT_TEAM = GGHP6SBZUF;
				GCC_PRECOMPILE_PREFIX_HEADER = YES;
				GCC_PREFIX_HEADER = "${SRCROOT}/jenkinsCocoa/PrefixHeader.pch";
				INFOPLIST_FILE = jenkinsCocoa/Info.plist;
				LD_RUNPATH_SEARCH_PATHS = "$(inherited) @executable_path/Frameworks";
				PRODUCT_BUNDLE_IDENTIFIER = com.vcredit.packageTest;
				PRODUCT_NAME = "$(TARGET_NAME)";
				PROVISIONING_PROFILE = "47e4ea97-a2c3-4ea8-93af-a2b02577afd5";
				PROVISIONING_PROFILE_SPECIFIER = packageTestDevlopment;
				SHARED_PRECOMPS_DIR = "";
			};
			name = Debug;
		};
		40CE3A7E1EC92D9700D63846 /* Release */ = {
			isa = XCBuildConfiguration;
			baseConfigurationReference = A5FD0A21C45A855357035143 /* Pods-jenkinsCocoa.release.xcconfig */;
			buildSettings = {
				ASSETCATALOG_COMPILER_APPICON_NAME = AppIcon;
				DEVELOPMENT_TEAM = "";
				GCC_PRECOMPILE_PREFIX_HEADER = YES;
				GCC_PREFIX_HEADER = "${SRCROOT}/jenkinsCocoa/PrefixHeader.pch";
				INFOPLIST_FILE = jenkinsCocoa/Info.plist;
				LD_RUNPATH_SEARCH_PATHS = "$(inherited) @executable_path/Frameworks";
				PRODUCT_BUNDLE_IDENTIFIER = com.vcredit.packageTest;
				PRODUCT_NAME = "$(TARGET_NAME)";
				PROVISIONING_PROFILE_SPECIFIER = "";
				SHARED_PRECOMPS_DIR = "";
			};
			name = Release;
		};
		40CE3A801EC92D9700D63846 /* Debug */ = {
			isa = XCBuildConfiguration;
			buildSettings = {
				BUNDLE_LOADER = "$(TEST_HOST)";
				DEVELOPMENT_TEAM = Q2TBL8EXRY;
				INFOPLIST_FILE = jenkinsCocoaTests/Info.plist;
				LD_RUNPATH_SEARCH_PATHS = "$(inherited) @executable_path/Frameworks @loader_path/Frameworks";
				PRODUCT_BUNDLE_IDENTIFIER = jff.jenkinsCocoaTests;
				PRODUCT_NAME = "$(TARGET_NAME)";
				TEST_HOST = "$(BUILT_PRODUCTS_DIR)/jenkinsCocoa.app/jenkinsCocoa";
			};
			name = Debug;
		};
		40CE3A811EC92D9700D63846 /* Release */ = {
			isa = XCBuildConfiguration;
			buildSettings = {
				BUNDLE_LOADER = "$(TEST_HOST)";
				DEVELOPMENT_TEAM = Q2TBL8EXRY;
				INFOPLIST_FILE = jenkinsCocoaTests/Info.plist;
				LD_RUNPATH_SEARCH_PATHS = "$(inherited) @executable_path/Frameworks @loader_path/Frameworks";
				PRODUCT_BUNDLE_IDENTIFIER = jff.jenkinsCocoaTests;
				PRODUCT_NAME = "$(TARGET_NAME)";
				TEST_HOST = "$(BUILT_PRODUCTS_DIR)/jenkinsCocoa.app/jenkinsCocoa";
			};
			name = Release;
		};
		40CE3A831EC92D9700D63846 /* Debug */ = {
			isa = XCBuildConfiguration;
			buildSettings = {
				DEVELOPMENT_TEAM = Q2TBL8EXRY;
				INFOPLIST_FILE = jenkinsCocoaUITests/Info.plist;
				LD_RUNPATH_SEARCH_PATHS = "$(inherited) @executable_path/Frameworks @loader_path/Frameworks";
				PRODUCT_BUNDLE_IDENTIFIER = jff.jenkinsCocoaUITests;
				PRODUCT_NAME = "$(TARGET_NAME)";
				TEST_TARGET_NAME = jenkinsCocoa;
			};
			name = Debug;
		};
		40CE3A841EC92D9700D63846 /* Release */ = {
			isa = XCBuildConfiguration;
			buildSettings = {
				DEVELOPMENT_TEAM = Q2TBL8EXRY;
				INFOPLIST_FILE = jenkinsCocoaUITests/Info.plist;
				LD_RUNPATH_SEARCH_PATHS = "$(inherited) @executable_path/Frameworks @loader_path/Frameworks";
				PRODUCT_BUNDLE_IDENTIFIER = jff.jenkinsCocoaUITests;
				PRODUCT_NAME = "$(TARGET_NAME)";
				TEST_TARGET_NAME = jenkinsCocoa;
			};
			name = Release;
		};
/* End XCBuildConfiguration section */

/* Begin XCConfigurationList section */
		40CE3A4A1EC92D9600D63846 /* Build configuration list for PBXProject "jenkinsCocoa" */ = {
			isa = XCConfigurationList;
			buildConfigurations = (
				40CE3A7A1EC92D9700D63846 /* Debug */,
				40CE3A7B1EC92D9700D63846 /* Release */,
			);
			defaultConfigurationIsVisible = 0;
			defaultConfigurationName = Release;
		};
		40CE3A7C1EC92D9700D63846 /* Build configuration list for PBXNativeTarget "jenkinsCocoa" */ = {
			isa = XCConfigurationList;
			buildConfigurations = (
				40CE3A7D1EC92D9700D63846 /* Debug */,
				40CE3A7E1EC92D9700D63846 /* Release */,
			);
			defaultConfigurationIsVisible = 0;
			defaultConfigurationName = Release;
		};
		40CE3A7F1EC92D9700D63846 /* Build configuration list for PBXNativeTarget "jenkinsCocoaTests" */ = {
			isa = XCConfigurationList;
			buildConfigurations = (
				40CE3A801EC92D9700D63846 /* Debug */,
				40CE3A811EC92D9700D63846 /* Release */,
			);
			defaultConfigurationIsVisible = 0;
			defaultConfigurationName = Release;
		};
		40CE3A821EC92D9700D63846 /* Build configuration list for PBXNativeTarget "jenkinsCocoaUITests" */ = {
			isa = XCConfigurationList;
			buildConfigurations = (
				40CE3A831EC92D9700D63846 /* Debug */,
				40CE3A841EC92D9700D63846 /* Release */,
			);
			defaultConfigurationIsVisible = 0;
			defaultConfigurationName = Release;
		};
/* End XCConfigurationList section */
	};
	rootObject = 40CE3A471EC92D9600D63846 /* Project object */;
}
